// !$*UTF8*$!
{
	archiveVersion = 1;
	classes = {
	};
	objectVersion = 50;
	objects = {

/* Begin PBXBuildFile section */
		C44600B92162286A00E908FA /* AppDelegate.swift in Sources */ = {isa = PBXBuildFile; fileRef = C44600B82162286A00E908FA /* AppDelegate.swift */; };
		C44600BE2162286A00E908FA /* Main.storyboard in Resources */ = {isa = PBXBuildFile; fileRef = C44600BC2162286A00E908FA /* Main.storyboard */; };
		C44600C02162286C00E908FA /* Assets.xcassets in Resources */ = {isa = PBXBuildFile; fileRef = C44600BF2162286C00E908FA /* Assets.xcassets */; };
		C44600C32162286C00E908FA /* LaunchScreen.storyboard in Resources */ = {isa = PBXBuildFile; fileRef = C44600C12162286C00E908FA /* LaunchScreen.storyboard */; };
		C44600CF21622CCB00E908FA /* MainViewController.swift in Sources */ = {isa = PBXBuildFile; fileRef = C44600CE21622CCB00E908FA /* MainViewController.swift */; };
		C44600D92162312A00E908FA /* MapViewController.swift in Sources */ = {isa = PBXBuildFile; fileRef = C44600D82162312A00E908FA /* MapViewController.swift */; };
		C489CCAE2164C0BA000AA764 /* ButtonSet.swift in Sources */ = {isa = PBXBuildFile; fileRef = C489CCAD2164C0BA000AA764 /* ButtonSet.swift */; };
/* End PBXBuildFile section */

/* Begin PBXFileReference section */
		C44600B52162286A00E908FA /* Tong.app */ = {isa = PBXFileReference; explicitFileType = wrapper.application; includeInIndex = 0; path = Tong.app; sourceTree = BUILT_PRODUCTS_DIR; };
		C44600B82162286A00E908FA /* AppDelegate.swift */ = {isa = PBXFileReference; lastKnownFileType = sourcecode.swift; path = AppDelegate.swift; sourceTree = "<group>"; };
		C44600BD2162286A00E908FA /* Base */ = {isa = PBXFileReference; lastKnownFileType = file.storyboard; name = Base; path = Base.lproj/Main.storyboard; sourceTree = "<group>"; };
		C44600BF2162286C00E908FA /* Assets.xcassets */ = {isa = PBXFileReference; lastKnownFileType = folder.assetcatalog; path = Assets.xcassets; sourceTree = "<group>"; };
		C44600C22162286C00E908FA /* Base */ = {isa = PBXFileReference; lastKnownFileType = file.storyboard; name = Base; path = Base.lproj/LaunchScreen.storyboard; sourceTree = "<group>"; };
		C44600C42162286C00E908FA /* Info.plist */ = {isa = PBXFileReference; lastKnownFileType = text.plist.xml; path = Info.plist; sourceTree = "<group>"; };
		C44600CE21622CCB00E908FA /* MainViewController.swift */ = {isa = PBXFileReference; lastKnownFileType = sourcecode.swift; path = MainViewController.swift; sourceTree = "<group>"; };
		C44600D82162312A00E908FA /* MapViewController.swift */ = {isa = PBXFileReference; lastKnownFileType = sourcecode.swift; path = MapViewController.swift; sourceTree = "<group>"; };
		C489CCAD2164C0BA000AA764 /* ButtonSet.swift */ = {isa = PBXFileReference; lastKnownFileType = sourcecode.swift; path = ButtonSet.swift; sourceTree = "<group>"; };
/* End PBXFileReference section */

/* Begin PBXFrameworksBuildPhase section */
		C44600B22162286A00E908FA /* Frameworks */ = {
			isa = PBXFrameworksBuildPhase;
			buildActionMask = 2147483647;
			files = (
			);
			runOnlyForDeploymentPostprocessing = 0;
		};
/* End PBXFrameworksBuildPhase section */

/* Begin PBXGroup section */
		C44600AC2162286A00E908FA = {
			isa = PBXGroup;
			children = (
				C44600B72162286A00E908FA /* Tong */,
				C44600B62162286A00E908FA /* Products */,
			);
			sourceTree = "<group>";
		};
		C44600B62162286A00E908FA /* Products */ = {
			isa = PBXGroup;
			children = (
				C44600B52162286A00E908FA /* Tong.app */,
			);
			name = Products;
			sourceTree = "<group>";
		};
		C44600B72162286A00E908FA /* Tong */ = {
			isa = PBXGroup;
			children = (
				C44600B82162286A00E908FA /* AppDelegate.swift */,
				C44600BF2162286C00E908FA /* Assets.xcassets */,
				C44600C42162286C00E908FA /* Info.plist */,
				C44600CD21622A0500E908FA /* Storyboard */,
				C44600CA2162299100E908FA /* Model */,
				C44600CB216229A000E908FA /* View */,
				C44600CC216229CC00E908FA /* Controller */,
			);
			path = Tong;
			sourceTree = "<group>";
		};
		C44600CA2162299100E908FA /* Model */ = {
			isa = PBXGroup;
			children = (
			);
			path = Model;
			sourceTree = "<group>";
		};
		C44600CB216229A000E908FA /* View */ = {
			isa = PBXGroup;
			children = (
				C489CCAD2164C0BA000AA764 /* ButtonSet.swift */,
			);
			path = View;
			sourceTree = "<group>";
		};
		C44600CC216229CC00E908FA /* Controller */ = {
			isa = PBXGroup;
			children = (
				C44600CE21622CCB00E908FA /* MainViewController.swift */,
				C44600D82162312A00E908FA /* MapViewController.swift */,
			);
			path = Controller;
			sourceTree = "<group>";
		};
		C44600CD21622A0500E908FA /* Storyboard */ = {
			isa = PBXGroup;
			children = (
				C44600BC2162286A00E908FA /* Main.storyboard */,
				C44600C12162286C00E908FA /* LaunchScreen.storyboard */,
			);
			path = Storyboard;
			sourceTree = "<group>";
		};
/* End PBXGroup section */

/* Begin PBXNativeTarget section */
		C44600B42162286A00E908FA /* Tong */ = {
			isa = PBXNativeTarget;
			buildConfigurationList = C44600C72162286C00E908FA /* Build configuration list for PBXNativeTarget "Tong" */;
			buildPhases = (
				C44600B12162286A00E908FA /* Sources */,
				C44600B22162286A00E908FA /* Frameworks */,
				C44600B32162286A00E908FA /* Resources */,
			);
			buildRules = (
			);
			dependencies = (
			);
			name = Tong;
			productName = Tong;
			productReference = C44600B52162286A00E908FA /* Tong.app */;
			productType = "com.apple.product-type.application";
		};
/* End PBXNativeTarget section */

/* Begin PBXProject section */
		C44600AD2162286A00E908FA /* Project object */ = {
			isa = PBXProject;
			attributes = {
				LastSwiftUpdateCheck = 0940;
				LastUpgradeCheck = 0940;
				ORGANIZATIONNAME = lims;
				TargetAttributes = {
					C44600B42162286A00E908FA = {
						CreatedOnToolsVersion = 9.4.1;
					};
				};
			};
			buildConfigurationList = C44600B02162286A00E908FA /* Build configuration list for PBXProject "Tong" */;
			compatibilityVersion = "Xcode 9.3";
			developmentRegion = en;
			hasScannedForEncodings = 0;
			knownRegions = (
				en,
				Base,
			);
			mainGroup = C44600AC2162286A00E908FA;
			productRefGroup = C44600B62162286A00E908FA /* Products */;
			projectDirPath = "";
			projectRoot = "";
			targets = (
				C44600B42162286A00E908FA /* Tong */,
			);
		};
/* End PBXProject section */

/* Begin PBXResourcesBuildPhase section */
		C44600B32162286A00E908FA /* Resources */ = {
			isa = PBXResourcesBuildPhase;
			buildActionMask = 2147483647;
			files = (
				C44600C32162286C00E908FA /* LaunchScreen.storyboard in Resources */,
				C44600C02162286C00E908FA /* Assets.xcassets in Resources */,
				C44600BE2162286A00E908FA /* Main.storyboard in Resources */,
			);
			runOnlyForDeploymentPostprocessing = 0;
		};
/* End PBXResourcesBuildPhase section */

/* Begin PBXSourcesBuildPhase section */
		C44600B12162286A00E908FA /* Sources */ = {
			isa = PBXSourcesBuildPhase;
			buildActionMask = 2147483647;
			files = (
				C44600CF21622CCB00E908FA /* MainViewController.swift in Sources */,
				C44600D92162312A00E908FA /* MapViewController.swift in Sources */,
				C489CCAE2164C0BA000AA764 /* ButtonSet.swift in Sources */,
				C44600B92162286A00E908FA /* AppDelegate.swift in Sources */,
			);
			runOnlyForDeploymentPostprocessing = 0;
		};
/* End PBXSourcesBuildPhase section */

/* Begin PBXVariantGroup section */
		C44600BC2162286A00E908FA /* Main.storyboard */ = {
			isa = PBXVariantGroup;
			children = (
				C44600BD2162286A00E908FA /* Base */,
			);
			name = Main.storyboard;
			sourceTree = "<group>";
		};
		C44600C12162286C00E908FA /* LaunchScreen.storyboard */ = {
			isa = PBXVariantGroup;
			children = (
				C44600C22162286C00E908FA /* Base */,
			);
			name = LaunchScreen.storyboard;
			sourceTree = "<group>";
		};
/* End PBXVariantGroup section */

/* Begin XCBuildConfiguration section */
		C44600C52162286C00E908FA /* Debug */ = {
			isa = XCBuildConfiguration;
			buildSettings = {
				ALWAYS_SEARCH_USER_PATHS = NO;
				CLANG_ANALYZER_NONNULL = YES;
				CLANG_ANALYZER_NUMBER_OBJECT_CONVERSION = YES_AGGRESSIVE;
				CLANG_CXX_LANGUAGE_STANDARD = "gnu++14";
				CLANG_CXX_LIBRARY = "libc++";
				CLANG_ENABLE_MODULES = YES;
				CLANG_ENABLE_OBJC_ARC = YES;
				CLANG_ENABLE_OBJC_WEAK = YES;
				CLANG_WARN_BLOCK_CAPTURE_AUTORELEASING = YES;
				CLANG_WARN_BOOL_CONVERSION = YES;
				CLANG_WARN_COMMA = YES;
				CLANG_WARN_CONSTANT_CONVERSION = YES;
				CLANG_WARN_DEPRECATED_OBJC_IMPLEMENTATIONS = YES;
				CLANG_WARN_DIRECT_OBJC_ISA_USAGE = YES_ERROR;
				CLANG_WARN_DOCUMENTATION_COMMENTS = YES;
				CLANG_WARN_EMPTY_BODY = YES;
				CLANG_WARN_ENUM_CONVERSION = YES;
				CLANG_WARN_INFINITE_RECURSION = YES;
				CLANG_WARN_INT_CONVERSION = YES;
				CLANG_WARN_NON_LITERAL_NULL_CONVERSION = YES;
				CLANG_WARN_OBJC_IMPLICIT_RETAIN_SELF = YES;
				CLANG_WARN_OBJC_LITERAL_CONVERSION = YES;
				CLANG_WARN_OBJC_ROOT_CLASS = YES_ERROR;
				CLANG_WARN_RANGE_LOOP_ANALYSIS = YES;
				CLANG_WARN_STRICT_PROTOTYPES = YES;
				CLANG_WARN_SUSPICIOUS_MOVE = YES;
				CLANG_WARN_UNGUARDED_AVAILABILITY = YES_AGGRESSIVE;
				CLANG_WARN_UNREACHABLE_CODE = YES;
				CLANG_WARN__DUPLICATE_METHOD_MATCH = YES;
				CODE_SIGN_IDENTITY = "iPhone Developer";
				COPY_PHASE_STRIP = NO;
				DEBUG_INFORMATION_FORMAT = dwarf;
				ENABLE_STRICT_OBJC_MSGSEND = YES;
				ENABLE_TESTABILITY = YES;
				GCC_C_LANGUAGE_STANDARD = gnu11;
				GCC_DYNAMIC_NO_PIC = NO;
				GCC_NO_COMMON_BLOCKS = YES;
				GCC_OPTIMIZATION_LEVEL = 0;
				GCC_PREPROCESSOR_DEFINITIONS = (
					"DEBUG=1",
					"$(inherited)",
				);
				GCC_WARN_64_TO_32_BIT_CONVERSION = YES;
				GCC_WARN_ABOUT_RETURN_TYPE = YES_ERROR;
				GCC_WARN_UNDECLARED_SELECTOR = YES;
				GCC_WARN_UNINITIALIZED_AUTOS = YES_AGGRESSIVE;
				GCC_WARN_UNUSED_FUNCTION = YES;
				GCC_WARN_UNUSED_VARIABLE = YES;
				IPHONEOS_DEPLOYMENT_TARGET = 11.4;
				MTL_ENABLE_DEBUG_INFO = YES;
				ONLY_ACTIVE_ARCH = YES;
				SDKROOT = iphoneos;
				SWIFT_ACTIVE_COMPILATION_CONDITIONS = DEBUG;
				SWIFT_OPTIMIZATION_LEVEL = "-Onone";
			};
			name = Debug;
		};
		C44600C62162286C00E908FA /* Release */ = {
			isa = XCBuildConfiguration;
			buildSettings = {
				ALWAYS_SEARCH_USER_PATHS = NO;
				CLANG_ANALYZER_NONNULL = YES;
				CLANG_ANALYZER_NUMBER_OBJECT_CONVERSION = YES_AGGRESSIVE;
				CLANG_CXX_LANGUAGE_STANDARD = "gnu++14";
				CLANG_CXX_LIBRARY = "libc++";
				CLANG_ENABLE_MODULES = YES;
				CLANG_ENABLE_OBJC_ARC = YES;
				CLANG_ENABLE_OBJC_WEAK = YES;
				CLANG_WARN_BLOCK_CAPTURE_AUTORELEASING = YES;
				CLANG_WARN_BOOL_CONVERSION = YES;
				CLANG_WARN_COMMA = YES;
				CLANG_WARN_CONSTANT_CONVERSION = YES;
				CLANG_WARN_DEPRECATED_OBJC_IMPLEMENTATIONS = YES;
				CLANG_WARN_DIRECT_OBJC_ISA_USAGE = YES_ERROR;
				CLANG_WARN_DOCUMENTATION_COMMENTS = YES;
				CLANG_WARN_EMPTY_BODY = YES;
				CLANG_WARN_ENUM_CONVERSION = YES;
				CLANG_WARN_INFINITE_RECURSION = YES;
				CLANG_WARN_INT_CONVERSION = YES;
				CLANG_WARN_NON_LITERAL_NULL_CONVERSION = YES;
				CLANG_WARN_OBJC_IMPLICIT_RETAIN_SELF = YES;
				CLANG_WARN_OBJC_LITERAL_CONVERSION = YES;
				CLANG_WARN_OBJC_ROOT_CLASS = YES_ERROR;
				CLANG_WARN_RANGE_LOOP_ANALYSIS = YES;
				CLANG_WARN_STRICT_PROTOTYPES = YES;
				CLANG_WARN_SUSPICIOUS_MOVE = YES;
				CLANG_WARN_UNGUARDED_AVAILABILITY = YES_AGGRESSIVE;
				CLANG_WARN_UNREACHABLE_CODE = YES;
				CLANG_WARN__DUPLICATE_METHOD_MATCH = YES;
				CODE_SIGN_IDENTITY = "iPhone Developer";
				COPY_PHASE_STRIP = NO;
				DEBUG_INFORMATION_FORMAT = "dwarf-with-dsym";
				ENABLE_NS_ASSERTIONS = NO;
				ENABLE_STRICT_OBJC_MSGSEND = YES;
				GCC_C_LANGUAGE_STANDARD = gnu11;
				GCC_NO_COMMON_BLOCKS = YES;
				GCC_WARN_64_TO_32_BIT_CONVERSION = YES;
				GCC_WARN_ABOUT_RETURN_TYPE = YES_ERROR;
				GCC_WARN_UNDECLARED_SELECTOR = YES;
				GCC_WARN_UNINITIALIZED_AUTOS = YES_AGGRESSIVE;
				GCC_WARN_UNUSED_FUNCTION = YES;
				GCC_WARN_UNUSED_VARIABLE = YES;
				IPHONEOS_DEPLOYMENT_TARGET = 11.4;
				MTL_ENABLE_DEBUG_INFO = NO;
				SDKROOT = iphoneos;
				SWIFT_COMPILATION_MODE = wholemodule;
				SWIFT_OPTIMIZATION_LEVEL = "-O";
				VALIDATE_PRODUCT = YES;
			};
			name = Release;
		};
		C44600C82162286C00E908FA /* Debug */ = {
			isa = XCBuildConfiguration;
			buildSettings = {
				ASSETCATALOG_COMPILER_APPICON_NAME = AppIcon;
				CODE_SIGN_STYLE = Automatic;
				DEVELOPMENT_TEAM = 658QCG3U39;
				INFOPLIST_FILE = Tong/Info.plist;
				LD_RUNPATH_SEARCH_PATHS = (
					"$(inherited)",
					"@executable_path/Frameworks",
				);
				PRODUCT_BUNDLE_IDENTIFIER = kr.gw.Tong;
				PRODUCT_NAME = "$(TARGET_NAME)";
				SWIFT_VERSION = 4.0;
				TARGETED_DEVICE_FAMILY = "1,2";
			};
			name = Debug;
		};
		C44600C92162286C00E908FA /* Release */ = {
			isa = XCBuildConfiguration;
			buildSettings = {
				ASSETCATALOG_COMPILER_APPICON_NAME = AppIcon;
				CODE_SIGN_STYLE = Automatic;
				DEVELOPMENT_TEAM = 658QCG3U39;
				INFOPLIST_FILE = Tong/Info.plist;
				LD_RUNPATH_SEARCH_PATHS = (
					"$(inherited)",
					"@executable_path/Frameworks",
				);
				PRODUCT_BUNDLE_IDENTIFIER = kr.gw.Tong;
				PRODUCT_NAME = "$(TARGET_NAME)";
				SWIFT_VERSION = 4.0;
				TARGETED_DEVICE_FAMILY = "1,2";
			};
			name = Release;
		};
/* End XCBuildConfiguration section */

/* Begin XCConfigurationList section */
		C44600B02162286A00E908FA /* Build configuration list for PBXProject "Tong" */ = {
			isa = XCConfigurationList;
			buildConfigurations = (
				C44600C52162286C00E908FA /* Debug */,
				C44600C62162286C00E908FA /* Release */,
			);
			defaultConfigurationIsVisible = 0;
			defaultConfigurationName = Release;
		};
		C44600C72162286C00E908FA /* Build configuration list for PBXNativeTarget "Tong" */ = {
			isa = XCConfigurationList;
			buildConfigurations = (
				C44600C82162286C00E908FA /* Debug */,
				C44600C92162286C00E908FA /* Release */,
			);
			defaultConfigurationIsVisible = 0;
			defaultConfigurationName = Release;
		};
/* End XCConfigurationList section */
	};
	rootObject = C44600AD2162286A00E908FA /* Project object */;
}
